// !$*UTF8*$!
{
	archiveVersion = 1;
	classes = {
	};
	objectVersion = 46;
	objects = {

/* Begin PBXBuildFile section */
		FBCA4AA61D279457000BDBF8 /* Color.swift in Sources */ = {isa = PBXBuildFile; fileRef = FBCA4AA51D279457000BDBF8 /* Color.swift */; };
		FBCA4AA81D27AD20000BDBF8 /* String.swift in Sources */ = {isa = PBXBuildFile; fileRef = FBCA4AA71D27AD20000BDBF8 /* String.swift */; };
		FBCA4AAA1D27B480000BDBF8 /* UITableViewCell.swift in Sources */ = {isa = PBXBuildFile; fileRef = FBCA4AA91D27B480000BDBF8 /* UITableViewCell.swift */; };
		FBCA4AAC1D27B4D2000BDBF8 /* UILabel.swift in Sources */ = {isa = PBXBuildFile; fileRef = FBCA4AAB1D27B4D2000BDBF8 /* UILabel.swift */; };
		FBE279B51CF3FC810022A951 /* AppDelegate.swift in Sources */ = {isa = PBXBuildFile; fileRef = FBE279B41CF3FC810022A951 /* AppDelegate.swift */; };
		FBE279B71CF3FC810022A951 /* ViewController.swift in Sources */ = {isa = PBXBuildFile; fileRef = FBE279B61CF3FC810022A951 /* ViewController.swift */; };
		FBE279BA1CF3FC810022A951 /* Main.storyboard in Resources */ = {isa = PBXBuildFile; fileRef = FBE279B81CF3FC810022A951 /* Main.storyboard */; };
		FBE279BC1CF3FC810022A951 /* Assets.xcassets in Resources */ = {isa = PBXBuildFile; fileRef = FBE279BB1CF3FC810022A951 /* Assets.xcassets */; };
		FBE279BF1CF3FC810022A951 /* LaunchScreen.storyboard in Resources */ = {isa = PBXBuildFile; fileRef = FBE279BD1CF3FC810022A951 /* LaunchScreen.storyboard */; };
		FBE279CB1CF3FFD60022A951 /* UIView.swift in Sources */ = {isa = PBXBuildFile; fileRef = FBE279CA1CF3FFD60022A951 /* UIView.swift */; };
/* End PBXBuildFile section */

/* Begin PBXFileReference section */
		FBCA4AA51D279457000BDBF8 /* Color.swift */ = {isa = PBXFileReference; fileEncoding = 4; lastKnownFileType = sourcecode.swift; path = Color.swift; sourceTree = "<group>"; };
		FBCA4AA71D27AD20000BDBF8 /* String.swift */ = {isa = PBXFileReference; fileEncoding = 4; lastKnownFileType = sourcecode.swift; path = String.swift; sourceTree = "<group>"; };
		FBCA4AA91D27B480000BDBF8 /* UITableViewCell.swift */ = {isa = PBXFileReference; fileEncoding = 4; lastKnownFileType = sourcecode.swift; path = UITableViewCell.swift; sourceTree = "<group>"; };
		FBCA4AAB1D27B4D2000BDBF8 /* UILabel.swift */ = {isa = PBXFileReference; fileEncoding = 4; lastKnownFileType = sourcecode.swift; path = UILabel.swift; sourceTree = "<group>"; };
		FBE279B11CF3FC800022A951 /* ExtensionKitDemo.app */ = {isa = PBXFileReference; explicitFileType = wrapper.application; includeInIndex = 0; path = ExtensionKitDemo.app; sourceTree = BUILT_PRODUCTS_DIR; };
		FBE279B41CF3FC810022A951 /* AppDelegate.swift */ = {isa = PBXFileReference; lastKnownFileType = sourcecode.swift; path = AppDelegate.swift; sourceTree = "<group>"; };
		FBE279B61CF3FC810022A951 /* ViewController.swift */ = {isa = PBXFileReference; lastKnownFileType = sourcecode.swift; path = ViewController.swift; sourceTree = "<group>"; };
		FBE279B91CF3FC810022A951 /* Base */ = {isa = PBXFileReference; lastKnownFileType = file.storyboard; name = Base; path = Base.lproj/Main.storyboard; sourceTree = "<group>"; };
		FBE279BB1CF3FC810022A951 /* Assets.xcassets */ = {isa = PBXFileReference; lastKnownFileType = folder.assetcatalog; path = Assets.xcassets; sourceTree = "<group>"; };
		FBE279BE1CF3FC810022A951 /* Base */ = {isa = PBXFileReference; lastKnownFileType = file.storyboard; name = Base; path = Base.lproj/LaunchScreen.storyboard; sourceTree = "<group>"; };
		FBE279C01CF3FC810022A951 /* Info.plist */ = {isa = PBXFileReference; lastKnownFileType = text.plist.xml; path = Info.plist; sourceTree = "<group>"; };
		FBE279CA1CF3FFD60022A951 /* UIView.swift */ = {isa = PBXFileReference; fileEncoding = 4; lastKnownFileType = sourcecode.swift; name = UIView.swift; path = ../../ExtensionKit/UIView.swift; sourceTree = "<group>"; };
/* End PBXFileReference section */

/* Begin PBXFrameworksBuildPhase section */
		FBE279AE1CF3FC800022A951 /* Frameworks */ = {
			isa = PBXFrameworksBuildPhase;
			buildActionMask = 2147483647;
			files = (
			);
			runOnlyForDeploymentPostprocessing = 0;
		};
/* End PBXFrameworksBuildPhase section */

/* Begin PBXGroup section */
		FBE279A81CF3FC800022A951 = {
			isa = PBXGroup;
			children = (
				FBE279B31CF3FC810022A951 /* ExtensionKitDemo */,
				FBE279B21CF3FC800022A951 /* Products */,
			);
			sourceTree = "<group>";
		};
		FBE279B21CF3FC800022A951 /* Products */ = {
			isa = PBXGroup;
			children = (
				FBE279B11CF3FC800022A951 /* ExtensionKitDemo.app */,
			);
			name = Products;
			sourceTree = "<group>";
		};
		FBE279B31CF3FC810022A951 /* ExtensionKitDemo */ = {
			isa = PBXGroup;
			children = (
				FBE279CC1CF3FFEF0022A951 /* ExtensionKit */,
				FBE279B41CF3FC810022A951 /* AppDelegate.swift */,
				FBE279B61CF3FC810022A951 /* ViewController.swift */,
				FBE279B81CF3FC810022A951 /* Main.storyboard */,
				FBE279BB1CF3FC810022A951 /* Assets.xcassets */,
				FBE279BD1CF3FC810022A951 /* LaunchScreen.storyboard */,
				FBE279C01CF3FC810022A951 /* Info.plist */,
			);
			path = ExtensionKitDemo;
			sourceTree = "<group>";
		};
		FBE279CC1CF3FFEF0022A951 /* ExtensionKit */ = {
			isa = PBXGroup;
			children = (
				FBE279CA1CF3FFD60022A951 /* UIView.swift */,
				FBCA4AAB1D27B4D2000BDBF8 /* UILabel.swift */,
				FBCA4AA91D27B480000BDBF8 /* UITableViewCell.swift */,
				FBCA4AA51D279457000BDBF8 /* Color.swift */,
				FBCA4AA71D27AD20000BDBF8 /* String.swift */,
			);
			name = ExtensionKit;
			sourceTree = "<group>";
		};
/* End PBXGroup section */

/* Begin PBXNativeTarget section */
		FBE279B01CF3FC800022A951 /* ExtensionKitDemo */ = {
			isa = PBXNativeTarget;
			buildConfigurationList = FBE279C31CF3FC810022A951 /* Build configuration list for PBXNativeTarget "ExtensionKitDemo" */;
			buildPhases = (
				FBE279AD1CF3FC800022A951 /* Sources */,
				FBE279AE1CF3FC800022A951 /* Frameworks */,
				FBE279AF1CF3FC800022A951 /* Resources */,
			);
			buildRules = (
			);
			dependencies = (
			);
			name = ExtensionKitDemo;
			productName = ExtensionKitDemo;
			productReference = FBE279B11CF3FC800022A951 /* ExtensionKitDemo.app */;
			productType = "com.apple.product-type.application";
		};
/* End PBXNativeTarget section */

/* Begin PBXProject section */
		FBE279A91CF3FC800022A951 /* Project object */ = {
			isa = PBXProject;
			attributes = {
				LastSwiftUpdateCheck = 0730;
				LastUpgradeCheck = 0730;
				ORGANIZATIONNAME = wenfeng;
				TargetAttributes = {
					FBE279B01CF3FC800022A951 = {
						CreatedOnToolsVersion = 7.3.1;
					};
				};
			};
			buildConfigurationList = FBE279AC1CF3FC800022A951 /* Build configuration list for PBXProject "ExtensionKitDemo" */;
			compatibilityVersion = "Xcode 3.2";
			developmentRegion = English;
			hasScannedForEncodings = 0;
			knownRegions = (
				en,
				Base,
			);
			mainGroup = FBE279A81CF3FC800022A951;
			productRefGroup = FBE279B21CF3FC800022A951 /* Products */;
			projectDirPath = "";
			projectRoot = "";
			targets = (
				FBE279B01CF3FC800022A951 /* ExtensionKitDemo */,
			);
		};
/* End PBXProject section */

/* Begin PBXResourcesBuildPhase section */
		FBE279AF1CF3FC800022A951 /* Resources */ = {
			isa = PBXResourcesBuildPhase;
			buildActionMask = 2147483647;
			files = (
				FBE279BF1CF3FC810022A951 /* LaunchScreen.storyboard in Resources */,
				FBE279BC1CF3FC810022A951 /* Assets.xcassets in Resources */,
				FBE279BA1CF3FC810022A951 /* Main.storyboard in Resources */,
			);
			runOnlyForDeploymentPostprocessing = 0;
		};
/* End PBXResourcesBuildPhase section */

/* Begin PBXSourcesBuildPhase section */
		FBE279AD1CF3FC800022A951 /* Sources */ = {
			isa = PBXSourcesBuildPhase;
			buildActionMask = 2147483647;
			files = (
				FBE279B71CF3FC810022A951 /* ViewController.swift in Sources */,
				FBCA4AA61D279457000BDBF8 /* Color.swift in Sources */,
				FBCA4AA81D27AD20000BDBF8 /* String.swift in Sources */,
				FBCA4AAC1D27B4D2000BDBF8 /* UILabel.swift in Sources */,
				FBCA4AAA1D27B480000BDBF8 /* UITableViewCell.swift in Sources */,
				FBE279CB1CF3FFD60022A951 /* UIView.swift in Sources */,
				FBE279B51CF3FC810022A951 /* AppDelegate.swift in Sources */,
			);
			runOnlyForDeploymentPostprocessing = 0;
		};
/* End PBXSourcesBuildPhase section */

/* Begin PBXVariantGroup section */
		FBE279B81CF3FC810022A951 /* Main.storyboard */ = {
			isa = PBXVariantGroup;
			children = (
				FBE279B91CF3FC810022A951 /* Base */,
			);
			name = Main.storyboard;
			sourceTree = "<group>";
		};
		FBE279BD1CF3FC810022A951 /* LaunchScreen.storyboard */ = {
			isa = PBXVariantGroup;
			children = (
				FBE279BE1CF3FC810022A951 /* Base */,
			);
			name = LaunchScreen.storyboard;
			sourceTree = "<group>";
		};
/* End PBXVariantGroup section */

/* Begin XCBuildConfiguration section */
		FBE279C11CF3FC810022A951 /* Debug */ = {
			isa = XCBuildConfiguration;
			buildSettings = {
				ALWAYS_SEARCH_USER_PATHS = NO;
				CLANG_ANALYZER_NONNULL = YES;
				CLANG_CXX_LANGUAGE_STANDARD = "gnu++0x";
				CLANG_CXX_LIBRARY = "libc++";
				CLANG_ENABLE_MODULES = YES;
				CLANG_ENABLE_OBJC_ARC = YES;
				CLANG_WARN_BOOL_CONVERSION = YES;
				CLANG_WARN_CONSTANT_CONVERSION = YES;
				CLANG_WARN_DIRECT_OBJC_ISA_USAGE = YES_ERROR;
				CLANG_WARN_EMPTY_BODY = YES;
				CLANG_WARN_ENUM_CONVERSION = YES;
				CLANG_WARN_INT_CONVERSION = YES;
				CLANG_WARN_OBJC_ROOT_CLASS = YES_ERROR;
				CLANG_WARN_UNREACHABLE_CODE = YES;
				CLANG_WARN__DUPLICATE_METHOD_MATCH = YES;
				"CODE_SIGN_IDENTITY[sdk=iphoneos*]" = "iPhone Developer";
				COPY_PHASE_STRIP = NO;
				DEBUG_INFORMATION_FORMAT = dwarf;
				ENABLE_STRICT_OBJC_MSGSEND = YES;
				ENABLE_TESTABILITY = YES;
				GCC_C_LANGUAGE_STANDARD = gnu99;
				GCC_DYNAMIC_NO_PIC = NO;
				GCC_NO_COMMON_BLOCKS = YES;
				GCC_OPTIMIZATION_LEVEL = 0;
				GCC_PREPROCESSOR_DEFINITIONS = (
					"DEBUG=1",
					"$(inherited)",
				);
				GCC_WARN_64_TO_32_BIT_CONVERSION = YES;
				GCC_WARN_ABOUT_RETURN_TYPE = YES_ERROR;
				GCC_WARN_UNDECLARED_SELECTOR = YES;
				GCC_WARN_UNINITIALIZED_AUTOS = YES_AGGRESSIVE;
				GCC_WARN_UNUSED_FUNCTION = YES;
				GCC_WARN_UNUSED_VARIABLE = YES;
				IPHONEOS_DEPLOYMENT_TARGET = 9.3;
				MTL_ENABLE_DEBUG_INFO = YES;
				ONLY_ACTIVE_ARCH = YES;
				SDKROOT = iphoneos;
				SWIFT_OPTIMIZATION_LEVEL = "-Onone";
				TARGETED_DEVICE_FAMILY = "1,2";
			};
			name = Debug;
		};
		FBE279C21CF3FC810022A951 /* Release */ = {
			isa = XCBuildConfiguration;
			buildSettings = {
				ALWAYS_SEARCH_USER_PATHS = NO;
				CLANG_ANALYZER_NONNULL = YES;
				CLANG_CXX_LANGUAGE_STANDARD = "gnu++0x";
				CLANG_CXX_LIBRARY = "libc++";
				CLANG_ENABLE_MODULES = YES;
				CLANG_ENABLE_OBJC_ARC = YES;
				CLANG_WARN_BOOL_CONVERSION = YES;
				CLANG_WARN_CONSTANT_CONVERSION = YES;
				CLANG_WARN_DIRECT_OBJC_ISA_USAGE = YES_ERROR;
				CLANG_WARN_EMPTY_BODY = YES;
				CLANG_WARN_ENUM_CONVERSION = YES;
				CLANG_WARN_INT_CONVERSION = YES;
				CLANG_WARN_OBJC_ROOT_CLASS = YES_ERROR;
				CLANG_WARN_UNREACHABLE_CODE = YES;
				CLANG_WARN__DUPLICATE_METHOD_MATCH = YES;
				"CODE_SIGN_IDENTITY[sdk=iphoneos*]" = "iPhone Developer";
				COPY_PHASE_STRIP = NO;
				DEBUG_INFORMATION_FORMAT = "dwarf-with-dsym";
				ENABLE_NS_ASSERTIONS = NO;
				ENABLE_STRICT_OBJC_MSGSEND = YES;
				GCC_C_LANGUAGE_STANDARD = gnu99;
				GCC_NO_COMMON_BLOCKS = YES;
				GCC_WARN_64_TO_32_BIT_CONVERSION = YES;
				GCC_WARN_ABOUT_RETURN_TYPE = YES_ERROR;
				GCC_WARN_UNDECLARED_SELECTOR = YES;
				GCC_WARN_UNINITIALIZED_AUTOS = YES_AGGRESSIVE;
				GCC_WARN_UNUSED_FUNCTION = YES;
				GCC_WARN_UNUSED_VARIABLE = YES;
				IPHONEOS_DEPLOYMENT_TARGET = 9.3;
				MTL_ENABLE_DEBUG_INFO = NO;
				SDKROOT = iphoneos;
				TARGETED_DEVICE_FAMILY = "1,2";
				VALIDATE_PRODUCT = YES;
			};
			name = Release;
		};
		FBE279C41CF3FC810022A951 /* Debug */ = {
			isa = XCBuildConfiguration;
			buildSettings = {
				ASSETCATALOG_COMPILER_APPICON_NAME = AppIcon;
				INFOPLIST_FILE = ExtensionKitDemo/Info.plist;
				LD_RUNPATH_SEARCH_PATHS = "$(inherited) @executable_path/Frameworks";
				PRODUCT_BUNDLE_IDENTIFIER = com.wenfeng.ExtensionKitDemo;
				PRODUCT_NAME = "$(TARGET_NAME)";
			};
			name = Debug;
		};
		FBE279C51CF3FC810022A951 /* Release */ = {
			isa = XCBuildConfiguration;
			buildSettings = {
				ASSETCATALOG_COMPILER_APPICON_NAME = AppIcon;
				INFOPLIST_FILE = ExtensionKitDemo/Info.plist;
				LD_RUNPATH_SEARCH_PATHS = "$(inherited) @executable_path/Frameworks";
				PRODUCT_BUNDLE_IDENTIFIER = com.wenfeng.ExtensionKitDemo;
				PRODUCT_NAME = "$(TARGET_NAME)";
			};
			name = Release;
		};
/* End XCBuildConfiguration section */

/* Begin XCConfigurationList section */
		FBE279AC1CF3FC800022A951 /* Build configuration list for PBXProject "ExtensionKitDemo" */ = {
			isa = XCConfigurationList;
			buildConfigurations = (
				FBE279C11CF3FC810022A951 /* Debug */,
				FBE279C21CF3FC810022A951 /* Release */,
			);
			defaultConfigurationIsVisible = 0;
			defaultConfigurationName = Release;
		};
		FBE279C31CF3FC810022A951 /* Build configuration list for PBXNativeTarget "ExtensionKitDemo" */ = {
			isa = XCConfigurationList;
			buildConfigurations = (
				FBE279C41CF3FC810022A951 /* Debug */,
				FBE279C51CF3FC810022A951 /* Release */,
			);
			defaultConfigurationIsVisible = 0;
			defaultConfigurationName = Release;
		};
/* End XCConfigurationList section */
	};
	rootObject = FBE279A91CF3FC800022A951 /* Project object */;
}
